// !$*UTF8*$!
{
	archiveVersion = 1;
	classes = {
	};
	objectVersion = 51;
	objects = {

/* Begin PBXBuildFile section */
		0268D33F10882F4B410CD2C3 /* Pods_WastelessNYCTests.framework in Frameworks */ = {isa = PBXBuildFile; fileRef = B9E6EF67D1C04AF07DA1D1AA /* Pods_WastelessNYCTests.framework */; };
		0658C9A461C9A1C1BB437DD5 /* Pods_WastelessNYC.framework in Frameworks */ = {isa = PBXBuildFile; fileRef = 7D39FCBE6970F0AE845D0479 /* Pods_WastelessNYC.framework */; };
		25C0AD7B5F954B00ED557B04 /* Pods_WastelessNYC_WastelessNYCUITests.framework in Frameworks */ = {isa = PBXBuildFile; fileRef = A5EDBC60D16B785B66221A8A /* Pods_WastelessNYC_WastelessNYCUITests.framework */; };
		3C914A2C23ABD09B0009DBF1 /* StringValidation.swift in Sources */ = {isa = PBXBuildFile; fileRef = 3C914A2B23ABD09B0009DBF1 /* StringValidation.swift */; };
		CB43942823ABC288002B9165 /* AllFoodVC.swift in Sources */ = {isa = PBXBuildFile; fileRef = CB43942723ABC287002B9165 /* AllFoodVC.swift */; };
		CB43942B23ABC3A9002B9165 /* FoodCell.swift in Sources */ = {isa = PBXBuildFile; fileRef = CB43942A23ABC3A9002B9165 /* FoodCell.swift */; };
		CB43942E23ABC4A1002B9165 /* UserTableVC.swift in Sources */ = {isa = PBXBuildFile; fileRef = CB43942D23ABC4A1002B9165 /* UserTableVC.swift */; };
		CB43943023ABC6D1002B9165 /* GoogleService-Info.plist in Resources */ = {isa = PBXBuildFile; fileRef = CB43942F23ABC6D1002B9165 /* GoogleService-Info.plist */; };
		CB43943323ABC769002B9165 /* Post.swift in Sources */ = {isa = PBXBuildFile; fileRef = CB43943223ABC769002B9165 /* Post.swift */; };
		CB43943523ABC79C002B9165 /* AppUser.swift in Sources */ = {isa = PBXBuildFile; fileRef = CB43943423ABC79C002B9165 /* AppUser.swift */; };
		CB43943823ABC7F4002B9165 /* FirebaseAuth.swift in Sources */ = {isa = PBXBuildFile; fileRef = CB43943723ABC7F4002B9165 /* FirebaseAuth.swift */; };
		CB43943A23ABC813002B9165 /* FirebaseFirestor.swift in Sources */ = {isa = PBXBuildFile; fileRef = CB43943923ABC813002B9165 /* FirebaseFirestor.swift */; };
		CB43943C23ABC83E002B9165 /* FirebaseStoreImage.swift in Sources */ = {isa = PBXBuildFile; fileRef = CB43943B23ABC83E002B9165 /* FirebaseStoreImage.swift */; };
		CB43943E23ABC8F8002B9165 /* SignUpVC.swift in Sources */ = {isa = PBXBuildFile; fileRef = CB43943D23ABC8F8002B9165 /* SignUpVC.swift */; };
		CB43944023ABC95E002B9165 /* SignInVC.swift in Sources */ = {isa = PBXBuildFile; fileRef = CB43943F23ABC95E002B9165 /* SignInVC.swift */; };
		CB43944223ABCAAD002B9165 /* CreateFoodVC.swift in Sources */ = {isa = PBXBuildFile; fileRef = CB43944123ABCAAD002B9165 /* CreateFoodVC.swift */; };
		CB43944423ABCD30002B9165 /* PostDetailViewController.swift in Sources */ = {isa = PBXBuildFile; fileRef = CB43944323ABCD30002B9165 /* PostDetailViewController.swift */; };
		CB43944623ABCD56002B9165 /* CellIdentifier.swift in Sources */ = {isa = PBXBuildFile; fileRef = CB43944523ABCD56002B9165 /* CellIdentifier.swift */; };
		CB43944B23ABCECB002B9165 /* UserCell.swift in Sources */ = {isa = PBXBuildFile; fileRef = CB43944A23ABCECB002B9165 /* UserCell.swift */; };
		CB43944E23ABD859002B9165 /* WastelessNYCTab.swift in Sources */ = {isa = PBXBuildFile; fileRef = CB43944D23ABD859002B9165 /* WastelessNYCTab.swift */; };
		CB9163F623ABB7280022B16B /* AppDelegate.swift in Sources */ = {isa = PBXBuildFile; fileRef = CB9163F523ABB7280022B16B /* AppDelegate.swift */; };
		CB9163F823ABB7280022B16B /* SceneDelegate.swift in Sources */ = {isa = PBXBuildFile; fileRef = CB9163F723ABB7280022B16B /* SceneDelegate.swift */; };
		CB9163FD23ABB7280022B16B /* Main.storyboard in Resources */ = {isa = PBXBuildFile; fileRef = CB9163FB23ABB7280022B16B /* Main.storyboard */; };
		CB91640023ABB7280022B16B /* WastelessNYC.xcdatamodeld in Sources */ = {isa = PBXBuildFile; fileRef = CB9163FE23ABB7280022B16B /* WastelessNYC.xcdatamodeld */; };
		CB91640223ABB72A0022B16B /* Assets.xcassets in Resources */ = {isa = PBXBuildFile; fileRef = CB91640123ABB72A0022B16B /* Assets.xcassets */; };
		CB91640523ABB72A0022B16B /* LaunchScreen.storyboard in Resources */ = {isa = PBXBuildFile; fileRef = CB91640323ABB72A0022B16B /* LaunchScreen.storyboard */; };
		CB91641023ABB72A0022B16B /* WastelessNYCTests.swift in Sources */ = {isa = PBXBuildFile; fileRef = CB91640F23ABB72A0022B16B /* WastelessNYCTests.swift */; };
		CB91641B23ABB72B0022B16B /* WastelessNYCUITests.swift in Sources */ = {isa = PBXBuildFile; fileRef = CB91641A23ABB72B0022B16B /* WastelessNYCUITests.swift */; };
/* End PBXBuildFile section */

/* Begin PBXContainerItemProxy section */
		CB91640C23ABB72A0022B16B /* PBXContainerItemProxy */ = {
			isa = PBXContainerItemProxy;
			containerPortal = CB9163EA23ABB7280022B16B /* Project object */;
			proxyType = 1;
			remoteGlobalIDString = CB9163F123ABB7280022B16B;
			remoteInfo = WastelessNYC;
		};
		CB91641723ABB72B0022B16B /* PBXContainerItemProxy */ = {
			isa = PBXContainerItemProxy;
			containerPortal = CB9163EA23ABB7280022B16B /* Project object */;
			proxyType = 1;
			remoteGlobalIDString = CB9163F123ABB7280022B16B;
			remoteInfo = WastelessNYC;
		};
/* End PBXContainerItemProxy section */

/* Begin PBXFileReference section */
		0E305031906D6FC298424AF0 /* Pods-WastelessNYC.debug.xcconfig */ = {isa = PBXFileReference; includeInIndex = 1; lastKnownFileType = text.xcconfig; name = "Pods-WastelessNYC.debug.xcconfig"; path = "Target Support Files/Pods-WastelessNYC/Pods-WastelessNYC.debug.xcconfig"; sourceTree = "<group>"; };
		20D8D0E59D086502F9D96339 /* Pods-WastelessNYC-WastelessNYCUITests.release.xcconfig */ = {isa = PBXFileReference; includeInIndex = 1; lastKnownFileType = text.xcconfig; name = "Pods-WastelessNYC-WastelessNYCUITests.release.xcconfig"; path = "Target Support Files/Pods-WastelessNYC-WastelessNYCUITests/Pods-WastelessNYC-WastelessNYCUITests.release.xcconfig"; sourceTree = "<group>"; };
		3C914A2B23ABD09B0009DBF1 /* StringValidation.swift */ = {isa = PBXFileReference; lastKnownFileType = sourcecode.swift; path = StringValidation.swift; sourceTree = "<group>"; };
		525EE72E7C8BCF8033EDA09A /* Pods-WastelessNYCTests.release.xcconfig */ = {isa = PBXFileReference; includeInIndex = 1; lastKnownFileType = text.xcconfig; name = "Pods-WastelessNYCTests.release.xcconfig"; path = "Target Support Files/Pods-WastelessNYCTests/Pods-WastelessNYCTests.release.xcconfig"; sourceTree = "<group>"; };
		54ACC8083C4CEC9D385ADEB6 /* Pods-WastelessNYCTests.debug.xcconfig */ = {isa = PBXFileReference; includeInIndex = 1; lastKnownFileType = text.xcconfig; name = "Pods-WastelessNYCTests.debug.xcconfig"; path = "Target Support Files/Pods-WastelessNYCTests/Pods-WastelessNYCTests.debug.xcconfig"; sourceTree = "<group>"; };
		72D367A08B49CF88AC11A8A3 /* Pods-WastelessNYC.release.xcconfig */ = {isa = PBXFileReference; includeInIndex = 1; lastKnownFileType = text.xcconfig; name = "Pods-WastelessNYC.release.xcconfig"; path = "Target Support Files/Pods-WastelessNYC/Pods-WastelessNYC.release.xcconfig"; sourceTree = "<group>"; };
		7D39FCBE6970F0AE845D0479 /* Pods_WastelessNYC.framework */ = {isa = PBXFileReference; explicitFileType = wrapper.framework; includeInIndex = 0; path = Pods_WastelessNYC.framework; sourceTree = BUILT_PRODUCTS_DIR; };
		A5EDBC60D16B785B66221A8A /* Pods_WastelessNYC_WastelessNYCUITests.framework */ = {isa = PBXFileReference; explicitFileType = wrapper.framework; includeInIndex = 0; path = Pods_WastelessNYC_WastelessNYCUITests.framework; sourceTree = BUILT_PRODUCTS_DIR; };
		B9E6EF67D1C04AF07DA1D1AA /* Pods_WastelessNYCTests.framework */ = {isa = PBXFileReference; explicitFileType = wrapper.framework; includeInIndex = 0; path = Pods_WastelessNYCTests.framework; sourceTree = BUILT_PRODUCTS_DIR; };
		CB43942723ABC287002B9165 /* AllFoodVC.swift */ = {isa = PBXFileReference; lastKnownFileType = sourcecode.swift; path = AllFoodVC.swift; sourceTree = "<group>"; };
		CB43942A23ABC3A9002B9165 /* FoodCell.swift */ = {isa = PBXFileReference; lastKnownFileType = sourcecode.swift; path = FoodCell.swift; sourceTree = "<group>"; };
		CB43942D23ABC4A1002B9165 /* UserTableVC.swift */ = {isa = PBXFileReference; lastKnownFileType = sourcecode.swift; path = UserTableVC.swift; sourceTree = "<group>"; };
		CB43942F23ABC6D1002B9165 /* GoogleService-Info.plist */ = {isa = PBXFileReference; fileEncoding = 4; lastKnownFileType = text.plist.xml; path = "GoogleService-Info.plist"; sourceTree = "<group>"; };
		CB43943223ABC769002B9165 /* Post.swift */ = {isa = PBXFileReference; lastKnownFileType = sourcecode.swift; path = Post.swift; sourceTree = "<group>"; };
		CB43943423ABC79C002B9165 /* AppUser.swift */ = {isa = PBXFileReference; lastKnownFileType = sourcecode.swift; path = AppUser.swift; sourceTree = "<group>"; };
		CB43943723ABC7F4002B9165 /* FirebaseAuth.swift */ = {isa = PBXFileReference; lastKnownFileType = sourcecode.swift; path = FirebaseAuth.swift; sourceTree = "<group>"; };
		CB43943923ABC813002B9165 /* FirebaseFirestor.swift */ = {isa = PBXFileReference; lastKnownFileType = sourcecode.swift; path = FirebaseFirestor.swift; sourceTree = "<group>"; };
		CB43943B23ABC83E002B9165 /* FirebaseStoreImage.swift */ = {isa = PBXFileReference; lastKnownFileType = sourcecode.swift; path = FirebaseStoreImage.swift; sourceTree = "<group>"; };
		CB43943D23ABC8F8002B9165 /* SignUpVC.swift */ = {isa = PBXFileReference; lastKnownFileType = sourcecode.swift; path = SignUpVC.swift; sourceTree = "<group>"; };
		CB43943F23ABC95E002B9165 /* SignInVC.swift */ = {isa = PBXFileReference; lastKnownFileType = sourcecode.swift; path = SignInVC.swift; sourceTree = "<group>"; };
		CB43944123ABCAAD002B9165 /* CreateFoodVC.swift */ = {isa = PBXFileReference; lastKnownFileType = sourcecode.swift; path = CreateFoodVC.swift; sourceTree = "<group>"; };
		CB43944323ABCD30002B9165 /* PostDetailViewController.swift */ = {isa = PBXFileReference; lastKnownFileType = sourcecode.swift; path = PostDetailViewController.swift; sourceTree = "<group>"; };
		CB43944523ABCD56002B9165 /* CellIdentifier.swift */ = {isa = PBXFileReference; lastKnownFileType = sourcecode.swift; path = CellIdentifier.swift; sourceTree = "<group>"; };
		CB43944A23ABCECB002B9165 /* UserCell.swift */ = {isa = PBXFileReference; lastKnownFileType = sourcecode.swift; path = UserCell.swift; sourceTree = "<group>"; };
		CB43944D23ABD859002B9165 /* WastelessNYCTab.swift */ = {isa = PBXFileReference; lastKnownFileType = sourcecode.swift; path = WastelessNYCTab.swift; sourceTree = "<group>"; };
		CB9163F223ABB7280022B16B /* WastelessNYC.app */ = {isa = PBXFileReference; explicitFileType = wrapper.application; includeInIndex = 0; path = WastelessNYC.app; sourceTree = BUILT_PRODUCTS_DIR; };
		CB9163F523ABB7280022B16B /* AppDelegate.swift */ = {isa = PBXFileReference; lastKnownFileType = sourcecode.swift; path = AppDelegate.swift; sourceTree = "<group>"; };
		CB9163F723ABB7280022B16B /* SceneDelegate.swift */ = {isa = PBXFileReference; lastKnownFileType = sourcecode.swift; path = SceneDelegate.swift; sourceTree = "<group>"; };
		CB9163FC23ABB7280022B16B /* Base */ = {isa = PBXFileReference; lastKnownFileType = file.storyboard; name = Base; path = Base.lproj/Main.storyboard; sourceTree = "<group>"; };
		CB9163FF23ABB7280022B16B /* WastelessNYC.xcdatamodel */ = {isa = PBXFileReference; lastKnownFileType = wrapper.xcdatamodel; path = WastelessNYC.xcdatamodel; sourceTree = "<group>"; };
		CB91640123ABB72A0022B16B /* Assets.xcassets */ = {isa = PBXFileReference; lastKnownFileType = folder.assetcatalog; path = Assets.xcassets; sourceTree = "<group>"; };
		CB91640423ABB72A0022B16B /* Base */ = {isa = PBXFileReference; lastKnownFileType = file.storyboard; name = Base; path = Base.lproj/LaunchScreen.storyboard; sourceTree = "<group>"; };
		CB91640623ABB72A0022B16B /* Info.plist */ = {isa = PBXFileReference; lastKnownFileType = text.plist.xml; path = Info.plist; sourceTree = "<group>"; };
		CB91640B23ABB72A0022B16B /* WastelessNYCTests.xctest */ = {isa = PBXFileReference; explicitFileType = wrapper.cfbundle; includeInIndex = 0; path = WastelessNYCTests.xctest; sourceTree = BUILT_PRODUCTS_DIR; };
		CB91640F23ABB72A0022B16B /* WastelessNYCTests.swift */ = {isa = PBXFileReference; lastKnownFileType = sourcecode.swift; path = WastelessNYCTests.swift; sourceTree = "<group>"; };
		CB91641123ABB72A0022B16B /* Info.plist */ = {isa = PBXFileReference; lastKnownFileType = text.plist.xml; path = Info.plist; sourceTree = "<group>"; };
		CB91641623ABB72B0022B16B /* WastelessNYCUITests.xctest */ = {isa = PBXFileReference; explicitFileType = wrapper.cfbundle; includeInIndex = 0; path = WastelessNYCUITests.xctest; sourceTree = BUILT_PRODUCTS_DIR; };
		CB91641A23ABB72B0022B16B /* WastelessNYCUITests.swift */ = {isa = PBXFileReference; lastKnownFileType = sourcecode.swift; path = WastelessNYCUITests.swift; sourceTree = "<group>"; };
		CB91641C23ABB72B0022B16B /* Info.plist */ = {isa = PBXFileReference; lastKnownFileType = text.plist.xml; path = Info.plist; sourceTree = "<group>"; };
		F62EE36C16A6BDDA63D73343 /* Pods-WastelessNYC-WastelessNYCUITests.debug.xcconfig */ = {isa = PBXFileReference; includeInIndex = 1; lastKnownFileType = text.xcconfig; name = "Pods-WastelessNYC-WastelessNYCUITests.debug.xcconfig"; path = "Target Support Files/Pods-WastelessNYC-WastelessNYCUITests/Pods-WastelessNYC-WastelessNYCUITests.debug.xcconfig"; sourceTree = "<group>"; };
/* End PBXFileReference section */

/* Begin PBXFrameworksBuildPhase section */
		CB9163EF23ABB7280022B16B /* Frameworks */ = {
			isa = PBXFrameworksBuildPhase;
			buildActionMask = 2147483647;
			files = (
				0658C9A461C9A1C1BB437DD5 /* Pods_WastelessNYC.framework in Frameworks */,
			);
			runOnlyForDeploymentPostprocessing = 0;
		};
		CB91640823ABB72A0022B16B /* Frameworks */ = {
			isa = PBXFrameworksBuildPhase;
			buildActionMask = 2147483647;
			files = (
				0268D33F10882F4B410CD2C3 /* Pods_WastelessNYCTests.framework in Frameworks */,
			);
			runOnlyForDeploymentPostprocessing = 0;
		};
		CB91641323ABB72B0022B16B /* Frameworks */ = {
			isa = PBXFrameworksBuildPhase;
			buildActionMask = 2147483647;
			files = (
				25C0AD7B5F954B00ED557B04 /* Pods_WastelessNYC_WastelessNYCUITests.framework in Frameworks */,
			);
			runOnlyForDeploymentPostprocessing = 0;
		};
/* End PBXFrameworksBuildPhase section */

/* Begin PBXGroup section */
		3C914A2A23ABD08A0009DBF1 /* Extensions */ = {
			isa = PBXGroup;
			children = (
				3C914A2B23ABD09B0009DBF1 /* StringValidation.swift */,
			);
			path = Extensions;
			sourceTree = "<group>";
		};
		63658A76E2C19A311E91EFA3 /* Pods */ = {
			isa = PBXGroup;
			children = (
				0E305031906D6FC298424AF0 /* Pods-WastelessNYC.debug.xcconfig */,
				72D367A08B49CF88AC11A8A3 /* Pods-WastelessNYC.release.xcconfig */,
				F62EE36C16A6BDDA63D73343 /* Pods-WastelessNYC-WastelessNYCUITests.debug.xcconfig */,
				20D8D0E59D086502F9D96339 /* Pods-WastelessNYC-WastelessNYCUITests.release.xcconfig */,
				54ACC8083C4CEC9D385ADEB6 /* Pods-WastelessNYCTests.debug.xcconfig */,
				525EE72E7C8BCF8033EDA09A /* Pods-WastelessNYCTests.release.xcconfig */,
			);
			path = Pods;
			sourceTree = "<group>";
		};
		A16E8F5B24BFB2BB456E485C /* Frameworks */ = {
			isa = PBXGroup;
			children = (
				7D39FCBE6970F0AE845D0479 /* Pods_WastelessNYC.framework */,
				A5EDBC60D16B785B66221A8A /* Pods_WastelessNYC_WastelessNYCUITests.framework */,
				B9E6EF67D1C04AF07DA1D1AA /* Pods_WastelessNYCTests.framework */,
			);
			name = Frameworks;
			sourceTree = "<group>";
		};
		CB43942C23ABC47C002B9165 /* VCs */ = {
			isa = PBXGroup;
			children = (
				CB43944C23ABD82E002B9165 /* Navigation */,
				CB43944923ABCE9A002B9165 /* Cells */,
				CB43942723ABC287002B9165 /* AllFoodVC.swift */,
				CB43942D23ABC4A1002B9165 /* UserTableVC.swift */,
				CB43943D23ABC8F8002B9165 /* SignUpVC.swift */,
				CB43943F23ABC95E002B9165 /* SignInVC.swift */,
				CB43944123ABCAAD002B9165 /* CreateFoodVC.swift */,
				CB43944323ABCD30002B9165 /* PostDetailViewController.swift */,
			);
			path = VCs;
			sourceTree = "<group>";
		};
		CB43943123ABC756002B9165 /* Models */ = {
			isa = PBXGroup;
			children = (
				CB43943223ABC769002B9165 /* Post.swift */,
				CB43943423ABC79C002B9165 /* AppUser.swift */,
			);
			path = Models;
			sourceTree = "<group>";
		};
		CB43943623ABC7E6002B9165 /* FirebaseHelpers */ = {
			isa = PBXGroup;
			children = (
				CB43943723ABC7F4002B9165 /* FirebaseAuth.swift */,
				CB43943923ABC813002B9165 /* FirebaseFirestor.swift */,
				CB43943B23ABC83E002B9165 /* FirebaseStoreImage.swift */,
			);
			path = FirebaseHelpers;
			sourceTree = "<group>";
		};
		CB43944923ABCE9A002B9165 /* Cells */ = {
			isa = PBXGroup;
			children = (
				CB43944523ABCD56002B9165 /* CellIdentifier.swift */,
				CB43942A23ABC3A9002B9165 /* FoodCell.swift */,
				CB43944A23ABCECB002B9165 /* UserCell.swift */,
			);
			path = Cells;
			sourceTree = "<group>";
		};
		CB43944C23ABD82E002B9165 /* Navigation */ = {
			isa = PBXGroup;
			children = (
				CB43944D23ABD859002B9165 /* WastelessNYCTab.swift */,
			);
			path = Navigation;
			sourceTree = "<group>";
		};
		CB9163E923ABB7280022B16B = {
			isa = PBXGroup;
			children = (
				CB9163F423ABB7280022B16B /* WastelessNYC */,
				CB91640E23ABB72A0022B16B /* WastelessNYCTests */,
				CB91641923ABB72B0022B16B /* WastelessNYCUITests */,
				CB9163F323ABB7280022B16B /* Products */,
				63658A76E2C19A311E91EFA3 /* Pods */,
				A16E8F5B24BFB2BB456E485C /* Frameworks */,
			);
			sourceTree = "<group>";
		};
		CB9163F323ABB7280022B16B /* Products */ = {
			isa = PBXGroup;
			children = (
				CB9163F223ABB7280022B16B /* WastelessNYC.app */,
				CB91640B23ABB72A0022B16B /* WastelessNYCTests.xctest */,
				CB91641623ABB72B0022B16B /* WastelessNYCUITests.xctest */,
			);
			name = Products;
			sourceTree = "<group>";
		};
		CB9163F423ABB7280022B16B /* WastelessNYC */ = {
			isa = PBXGroup;
			children = (
				3C914A2A23ABD08A0009DBF1 /* Extensions */,
				CB43943623ABC7E6002B9165 /* FirebaseHelpers */,
				CB43943123ABC756002B9165 /* Models */,
				CB43942F23ABC6D1002B9165 /* GoogleService-Info.plist */,
				CB43942C23ABC47C002B9165 /* VCs */,
				CB9163F523ABB7280022B16B /* AppDelegate.swift */,
				CB9163F723ABB7280022B16B /* SceneDelegate.swift */,
				CB9163FB23ABB7280022B16B /* Main.storyboard */,
				CB91640123ABB72A0022B16B /* Assets.xcassets */,
				CB91640323ABB72A0022B16B /* LaunchScreen.storyboard */,
				CB91640623ABB72A0022B16B /* Info.plist */,
				CB9163FE23ABB7280022B16B /* WastelessNYC.xcdatamodeld */,
			);
			path = WastelessNYC;
			sourceTree = "<group>";
		};
		CB91640E23ABB72A0022B16B /* WastelessNYCTests */ = {
			isa = PBXGroup;
			children = (
				CB91640F23ABB72A0022B16B /* WastelessNYCTests.swift */,
				CB91641123ABB72A0022B16B /* Info.plist */,
			);
			path = WastelessNYCTests;
			sourceTree = "<group>";
		};
		CB91641923ABB72B0022B16B /* WastelessNYCUITests */ = {
			isa = PBXGroup;
			children = (
				CB91641A23ABB72B0022B16B /* WastelessNYCUITests.swift */,
				CB91641C23ABB72B0022B16B /* Info.plist */,
			);
			path = WastelessNYCUITests;
			sourceTree = "<group>";
		};
/* End PBXGroup section */

/* Begin PBXNativeTarget section */
		CB9163F123ABB7280022B16B /* WastelessNYC */ = {
			isa = PBXNativeTarget;
			buildConfigurationList = CB91641F23ABB72B0022B16B /* Build configuration list for PBXNativeTarget "WastelessNYC" */;
			buildPhases = (
				907DB38AACF32DCC0458E6AC /* [CP] Check Pods Manifest.lock */,
				CB9163EE23ABB7280022B16B /* Sources */,
				CB9163EF23ABB7280022B16B /* Frameworks */,
				CB9163F023ABB7280022B16B /* Resources */,
				27144EAB9BB3DCCA2D2FA0BA /* [CP] Embed Pods Frameworks */,
			);
			buildRules = (
			);
			dependencies = (
			);
			name = WastelessNYC;
			productName = WastelessNYC;
			productReference = CB9163F223ABB7280022B16B /* WastelessNYC.app */;
			productType = "com.apple.product-type.application";
		};
		CB91640A23ABB72A0022B16B /* WastelessNYCTests */ = {
			isa = PBXNativeTarget;
			buildConfigurationList = CB91642223ABB72B0022B16B /* Build configuration list for PBXNativeTarget "WastelessNYCTests" */;
			buildPhases = (
				D68A944E8565EF70E2213A02 /* [CP] Check Pods Manifest.lock */,
				CB91640723ABB72A0022B16B /* Sources */,
				CB91640823ABB72A0022B16B /* Frameworks */,
				CB91640923ABB72A0022B16B /* Resources */,
			);
			buildRules = (
			);
			dependencies = (
				CB91640D23ABB72A0022B16B /* PBXTargetDependency */,
			);
			name = WastelessNYCTests;
			productName = WastelessNYCTests;
			productReference = CB91640B23ABB72A0022B16B /* WastelessNYCTests.xctest */;
			productType = "com.apple.product-type.bundle.unit-test";
		};
		CB91641523ABB72B0022B16B /* WastelessNYCUITests */ = {
			isa = PBXNativeTarget;
			buildConfigurationList = CB91642523ABB72B0022B16B /* Build configuration list for PBXNativeTarget "WastelessNYCUITests" */;
			buildPhases = (
				E520DFFBEA21E335F22D02CB /* [CP] Check Pods Manifest.lock */,
				CB91641223ABB72B0022B16B /* Sources */,
				CB91641323ABB72B0022B16B /* Frameworks */,
				CB91641423ABB72B0022B16B /* Resources */,
				B6334952E7858EE19A2068FC /* [CP] Embed Pods Frameworks */,
			);
			buildRules = (
			);
			dependencies = (
				CB91641823ABB72B0022B16B /* PBXTargetDependency */,
			);
			name = WastelessNYCUITests;
			productName = WastelessNYCUITests;
			productReference = CB91641623ABB72B0022B16B /* WastelessNYCUITests.xctest */;
			productType = "com.apple.product-type.bundle.ui-testing";
		};
/* End PBXNativeTarget section */

/* Begin PBXProject section */
		CB9163EA23ABB7280022B16B /* Project object */ = {
			isa = PBXProject;
			attributes = {
				LastSwiftUpdateCheck = 1110;
				LastUpgradeCheck = 1110;
				ORGANIZATIONNAME = God;
				TargetAttributes = {
					CB9163F123ABB7280022B16B = {
						CreatedOnToolsVersion = 11.1;
					};
					CB91640A23ABB72A0022B16B = {
						CreatedOnToolsVersion = 11.1;
						TestTargetID = CB9163F123ABB7280022B16B;
					};
					CB91641523ABB72B0022B16B = {
						CreatedOnToolsVersion = 11.1;
						TestTargetID = CB9163F123ABB7280022B16B;
					};
				};
			};
			buildConfigurationList = CB9163ED23ABB7280022B16B /* Build configuration list for PBXProject "WastelessNYC" */;
			compatibilityVersion = "Xcode 9.3";
			developmentRegion = en;
			hasScannedForEncodings = 0;
			knownRegions = (
				en,
				Base,
			);
			mainGroup = CB9163E923ABB7280022B16B;
			productRefGroup = CB9163F323ABB7280022B16B /* Products */;
			projectDirPath = "";
			projectRoot = "";
			targets = (
				CB9163F123ABB7280022B16B /* WastelessNYC */,
				CB91640A23ABB72A0022B16B /* WastelessNYCTests */,
				CB91641523ABB72B0022B16B /* WastelessNYCUITests */,
			);
		};
/* End PBXProject section */

/* Begin PBXResourcesBuildPhase section */
		CB9163F023ABB7280022B16B /* Resources */ = {
			isa = PBXResourcesBuildPhase;
			buildActionMask = 2147483647;
			files = (
				CB91640523ABB72A0022B16B /* LaunchScreen.storyboard in Resources */,
				CB43943023ABC6D1002B9165 /* GoogleService-Info.plist in Resources */,
				CB91640223ABB72A0022B16B /* Assets.xcassets in Resources */,
				CB9163FD23ABB7280022B16B /* Main.storyboard in Resources */,
			);
			runOnlyForDeploymentPostprocessing = 0;
		};
		CB91640923ABB72A0022B16B /* Resources */ = {
			isa = PBXResourcesBuildPhase;
			buildActionMask = 2147483647;
			files = (
			);
			runOnlyForDeploymentPostprocessing = 0;
		};
		CB91641423ABB72B0022B16B /* Resources */ = {
			isa = PBXResourcesBuildPhase;
			buildActionMask = 2147483647;
			files = (
			);
			runOnlyForDeploymentPostprocessing = 0;
		};
/* End PBXResourcesBuildPhase section */

/* Begin PBXShellScriptBuildPhase section */
		27144EAB9BB3DCCA2D2FA0BA /* [CP] Embed Pods Frameworks */ = {
			isa = PBXShellScriptBuildPhase;
			buildActionMask = 2147483647;
			files = (
			);
			inputFileListPaths = (
				"${PODS_ROOT}/Target Support Files/Pods-WastelessNYC/Pods-WastelessNYC-frameworks-${CONFIGURATION}-input-files.xcfilelist",
			);
			name = "[CP] Embed Pods Frameworks";
			outputFileListPaths = (
				"${PODS_ROOT}/Target Support Files/Pods-WastelessNYC/Pods-WastelessNYC-frameworks-${CONFIGURATION}-output-files.xcfilelist",
			);
			runOnlyForDeploymentPostprocessing = 0;
			shellPath = /bin/sh;
			shellScript = "\"${PODS_ROOT}/Target Support Files/Pods-WastelessNYC/Pods-WastelessNYC-frameworks.sh\"\n";
			showEnvVarsInLog = 0;
		};
		907DB38AACF32DCC0458E6AC /* [CP] Check Pods Manifest.lock */ = {
			isa = PBXShellScriptBuildPhase;
			buildActionMask = 2147483647;
			files = (
			);
			inputFileListPaths = (
			);
			inputPaths = (
				"${PODS_PODFILE_DIR_PATH}/Podfile.lock",
				"${PODS_ROOT}/Manifest.lock",
			);
			name = "[CP] Check Pods Manifest.lock";
			outputFileListPaths = (
			);
			outputPaths = (
				"$(DERIVED_FILE_DIR)/Pods-WastelessNYC-checkManifestLockResult.txt",
			);
			runOnlyForDeploymentPostprocessing = 0;
			shellPath = /bin/sh;
			shellScript = "diff \"${PODS_PODFILE_DIR_PATH}/Podfile.lock\" \"${PODS_ROOT}/Manifest.lock\" > /dev/null\nif [ $? != 0 ] ; then\n    # print error to STDERR\n    echo \"error: The sandbox is not in sync with the Podfile.lock. Run 'pod install' or update your CocoaPods installation.\" >&2\n    exit 1\nfi\n# This output is used by Xcode 'outputs' to avoid re-running this script phase.\necho \"SUCCESS\" > \"${SCRIPT_OUTPUT_FILE_0}\"\n";
			showEnvVarsInLog = 0;
		};
		B6334952E7858EE19A2068FC /* [CP] Embed Pods Frameworks */ = {
			isa = PBXShellScriptBuildPhase;
			buildActionMask = 2147483647;
			files = (
			);
			inputFileListPaths = (
				"${PODS_ROOT}/Target Support Files/Pods-WastelessNYC-WastelessNYCUITests/Pods-WastelessNYC-WastelessNYCUITests-frameworks-${CONFIGURATION}-input-files.xcfilelist",
			);
			name = "[CP] Embed Pods Frameworks";
			outputFileListPaths = (
				"${PODS_ROOT}/Target Support Files/Pods-WastelessNYC-WastelessNYCUITests/Pods-WastelessNYC-WastelessNYCUITests-frameworks-${CONFIGURATION}-output-files.xcfilelist",
			);
			runOnlyForDeploymentPostprocessing = 0;
			shellPath = /bin/sh;
			shellScript = "\"${PODS_ROOT}/Target Support Files/Pods-WastelessNYC-WastelessNYCUITests/Pods-WastelessNYC-WastelessNYCUITests-frameworks.sh\"\n";
			showEnvVarsInLog = 0;
		};
		D68A944E8565EF70E2213A02 /* [CP] Check Pods Manifest.lock */ = {
			isa = PBXShellScriptBuildPhase;
			buildActionMask = 2147483647;
			files = (
			);
			inputFileListPaths = (
			);
			inputPaths = (
				"${PODS_PODFILE_DIR_PATH}/Podfile.lock",
				"${PODS_ROOT}/Manifest.lock",
			);
			name = "[CP] Check Pods Manifest.lock";
			outputFileListPaths = (
			);
			outputPaths = (
				"$(DERIVED_FILE_DIR)/Pods-WastelessNYCTests-checkManifestLockResult.txt",
			);
			runOnlyForDeploymentPostprocessing = 0;
			shellPath = /bin/sh;
			shellScript = "diff \"${PODS_PODFILE_DIR_PATH}/Podfile.lock\" \"${PODS_ROOT}/Manifest.lock\" > /dev/null\nif [ $? != 0 ] ; then\n    # print error to STDERR\n    echo \"error: The sandbox is not in sync with the Podfile.lock. Run 'pod install' or update your CocoaPods installation.\" >&2\n    exit 1\nfi\n# This output is used by Xcode 'outputs' to avoid re-running this script phase.\necho \"SUCCESS\" > \"${SCRIPT_OUTPUT_FILE_0}\"\n";
			showEnvVarsInLog = 0;
		};
		E520DFFBEA21E335F22D02CB /* [CP] Check Pods Manifest.lock */ = {
			isa = PBXShellScriptBuildPhase;
			buildActionMask = 2147483647;
			files = (
			);
			inputFileListPaths = (
			);
			inputPaths = (
				"${PODS_PODFILE_DIR_PATH}/Podfile.lock",
				"${PODS_ROOT}/Manifest.lock",
			);
			name = "[CP] Check Pods Manifest.lock";
			outputFileListPaths = (
			);
			outputPaths = (
				"$(DERIVED_FILE_DIR)/Pods-WastelessNYC-WastelessNYCUITests-checkManifestLockResult.txt",
			);
			runOnlyForDeploymentPostprocessing = 0;
			shellPath = /bin/sh;
			shellScript = "diff \"${PODS_PODFILE_DIR_PATH}/Podfile.lock\" \"${PODS_ROOT}/Manifest.lock\" > /dev/null\nif [ $? != 0 ] ; then\n    # print error to STDERR\n    echo \"error: The sandbox is not in sync with the Podfile.lock. Run 'pod install' or update your CocoaPods installation.\" >&2\n    exit 1\nfi\n# This output is used by Xcode 'outputs' to avoid re-running this script phase.\necho \"SUCCESS\" > \"${SCRIPT_OUTPUT_FILE_0}\"\n";
			showEnvVarsInLog = 0;
		};
/* End PBXShellScriptBuildPhase section */

/* Begin PBXSourcesBuildPhase section */
		CB9163EE23ABB7280022B16B /* Sources */ = {
			isa = PBXSourcesBuildPhase;
			buildActionMask = 2147483647;
			files = (
				CB43944623ABCD56002B9165 /* CellIdentifier.swift in Sources */,
				CB43943C23ABC83E002B9165 /* FirebaseStoreImage.swift in Sources */,
				CB43944423ABCD30002B9165 /* PostDetailViewController.swift in Sources */,
				CB43942823ABC288002B9165 /* AllFoodVC.swift in Sources */,
				CB43943523ABC79C002B9165 /* AppUser.swift in Sources */,
				CB43943823ABC7F4002B9165 /* FirebaseAuth.swift in Sources */,
				CB43944023ABC95E002B9165 /* SignInVC.swift in Sources */,
				CB43942B23ABC3A9002B9165 /* FoodCell.swift in Sources */,
				CB43943A23ABC813002B9165 /* FirebaseFirestor.swift in Sources */,
				CB43943323ABC769002B9165 /* Post.swift in Sources */,
				CB43942E23ABC4A1002B9165 /* UserTableVC.swift in Sources */,
				CB43944223ABCAAD002B9165 /* CreateFoodVC.swift in Sources */,
				CB9163F623ABB7280022B16B /* AppDelegate.swift in Sources */,
				CB43944B23ABCECB002B9165 /* UserCell.swift in Sources */,
				CB43943E23ABC8F8002B9165 /* SignUpVC.swift in Sources */,
				CB43944E23ABD859002B9165 /* WastelessNYCTab.swift in Sources */,
				CB91640023ABB7280022B16B /* WastelessNYC.xcdatamodeld in Sources */,
				3C914A2C23ABD09B0009DBF1 /* StringValidation.swift in Sources */,
				CB9163F823ABB7280022B16B /* SceneDelegate.swift in Sources */,
			);
			runOnlyForDeploymentPostprocessing = 0;
		};
		CB91640723ABB72A0022B16B /* Sources */ = {
			isa = PBXSourcesBuildPhase;
			buildActionMask = 2147483647;
			files = (
				CB91641023ABB72A0022B16B /* WastelessNYCTests.swift in Sources */,
			);
			runOnlyForDeploymentPostprocessing = 0;
		};
		CB91641223ABB72B0022B16B /* Sources */ = {
			isa = PBXSourcesBuildPhase;
			buildActionMask = 2147483647;
			files = (
				CB91641B23ABB72B0022B16B /* WastelessNYCUITests.swift in Sources */,
			);
			runOnlyForDeploymentPostprocessing = 0;
		};
/* End PBXSourcesBuildPhase section */

/* Begin PBXTargetDependency section */
		CB91640D23ABB72A0022B16B /* PBXTargetDependency */ = {
			isa = PBXTargetDependency;
			target = CB9163F123ABB7280022B16B /* WastelessNYC */;
			targetProxy = CB91640C23ABB72A0022B16B /* PBXContainerItemProxy */;
		};
		CB91641823ABB72B0022B16B /* PBXTargetDependency */ = {
			isa = PBXTargetDependency;
			target = CB9163F123ABB7280022B16B /* WastelessNYC */;
			targetProxy = CB91641723ABB72B0022B16B /* PBXContainerItemProxy */;
		};
/* End PBXTargetDependency section */

/* Begin PBXVariantGroup section */
		CB9163FB23ABB7280022B16B /* Main.storyboard */ = {
			isa = PBXVariantGroup;
			children = (
				CB9163FC23ABB7280022B16B /* Base */,
			);
			name = Main.storyboard;
			sourceTree = "<group>";
		};
		CB91640323ABB72A0022B16B /* LaunchScreen.storyboard */ = {
			isa = PBXVariantGroup;
			children = (
				CB91640423ABB72A0022B16B /* Base */,
			);
			name = LaunchScreen.storyboard;
			sourceTree = "<group>";
		};
/* End PBXVariantGroup section */

/* Begin XCBuildConfiguration section */
		CB91641D23ABB72B0022B16B /* Debug */ = {
			isa = XCBuildConfiguration;
			buildSettings = {
				ALWAYS_SEARCH_USER_PATHS = NO;
				CLANG_ANALYZER_NONNULL = YES;
				CLANG_ANALYZER_NUMBER_OBJECT_CONVERSION = YES_AGGRESSIVE;
				CLANG_CXX_LANGUAGE_STANDARD = "gnu++14";
				CLANG_CXX_LIBRARY = "libc++";
				CLANG_ENABLE_MODULES = YES;
				CLANG_ENABLE_OBJC_ARC = YES;
				CLANG_ENABLE_OBJC_WEAK = YES;
				CLANG_WARN_BLOCK_CAPTURE_AUTORELEASING = YES;
				CLANG_WARN_BOOL_CONVERSION = YES;
				CLANG_WARN_COMMA = YES;
				CLANG_WARN_CONSTANT_CONVERSION = YES;
				CLANG_WARN_DEPRECATED_OBJC_IMPLEMENTATIONS = YES;
				CLANG_WARN_DIRECT_OBJC_ISA_USAGE = YES_ERROR;
				CLANG_WARN_DOCUMENTATION_COMMENTS = YES;
				CLANG_WARN_EMPTY_BODY = YES;
				CLANG_WARN_ENUM_CONVERSION = YES;
				CLANG_WARN_INFINITE_RECURSION = YES;
				CLANG_WARN_INT_CONVERSION = YES;
				CLANG_WARN_NON_LITERAL_NULL_CONVERSION = YES;
				CLANG_WARN_OBJC_IMPLICIT_RETAIN_SELF = YES;
				CLANG_WARN_OBJC_LITERAL_CONVERSION = YES;
				CLANG_WARN_OBJC_ROOT_CLASS = YES_ERROR;
				CLANG_WARN_RANGE_LOOP_ANALYSIS = YES;
				CLANG_WARN_STRICT_PROTOTYPES = YES;
				CLANG_WARN_SUSPICIOUS_MOVE = YES;
				CLANG_WARN_UNGUARDED_AVAILABILITY = YES_AGGRESSIVE;
				CLANG_WARN_UNREACHABLE_CODE = YES;
				CLANG_WARN__DUPLICATE_METHOD_MATCH = YES;
				COPY_PHASE_STRIP = NO;
				DEBUG_INFORMATION_FORMAT = dwarf;
				ENABLE_STRICT_OBJC_MSGSEND = YES;
				ENABLE_TESTABILITY = YES;
				GCC_C_LANGUAGE_STANDARD = gnu11;
				GCC_DYNAMIC_NO_PIC = NO;
				GCC_NO_COMMON_BLOCKS = YES;
				GCC_OPTIMIZATION_LEVEL = 0;
				GCC_PREPROCESSOR_DEFINITIONS = (
					"DEBUG=1",
					"$(inherited)",
				);
				GCC_WARN_64_TO_32_BIT_CONVERSION = YES;
				GCC_WARN_ABOUT_RETURN_TYPE = YES_ERROR;
				GCC_WARN_UNDECLARED_SELECTOR = YES;
				GCC_WARN_UNINITIALIZED_AUTOS = YES_AGGRESSIVE;
				GCC_WARN_UNUSED_FUNCTION = YES;
				GCC_WARN_UNUSED_VARIABLE = YES;
				IPHONEOS_DEPLOYMENT_TARGET = 13.1;
				MTL_ENABLE_DEBUG_INFO = INCLUDE_SOURCE;
				MTL_FAST_MATH = YES;
				ONLY_ACTIVE_ARCH = YES;
				SDKROOT = iphoneos;
				SWIFT_ACTIVE_COMPILATION_CONDITIONS = DEBUG;
				SWIFT_OPTIMIZATION_LEVEL = "-Onone";
			};
			name = Debug;
		};
		CB91641E23ABB72B0022B16B /* Release */ = {
			isa = XCBuildConfiguration;
			buildSettings = {
				ALWAYS_SEARCH_USER_PATHS = NO;
				CLANG_ANALYZER_NONNULL = YES;
				CLANG_ANALYZER_NUMBER_OBJECT_CONVERSION = YES_AGGRESSIVE;
				CLANG_CXX_LANGUAGE_STANDARD = "gnu++14";
				CLANG_CXX_LIBRARY = "libc++";
				CLANG_ENABLE_MODULES = YES;
				CLANG_ENABLE_OBJC_ARC = YES;
				CLANG_ENABLE_OBJC_WEAK = YES;
				CLANG_WARN_BLOCK_CAPTURE_AUTORELEASING = YES;
				CLANG_WARN_BOOL_CONVERSION = YES;
				CLANG_WARN_COMMA = YES;
				CLANG_WARN_CONSTANT_CONVERSION = YES;
				CLANG_WARN_DEPRECATED_OBJC_IMPLEMENTATIONS = YES;
				CLANG_WARN_DIRECT_OBJC_ISA_USAGE = YES_ERROR;
				CLANG_WARN_DOCUMENTATION_COMMENTS = YES;
				CLANG_WARN_EMPTY_BODY = YES;
				CLANG_WARN_ENUM_CONVERSION = YES;
				CLANG_WARN_INFINITE_RECURSION = YES;
				CLANG_WARN_INT_CONVERSION = YES;
				CLANG_WARN_NON_LITERAL_NULL_CONVERSION = YES;
				CLANG_WARN_OBJC_IMPLICIT_RETAIN_SELF = YES;
				CLANG_WARN_OBJC_LITERAL_CONVERSION = YES;
				CLANG_WARN_OBJC_ROOT_CLASS = YES_ERROR;
				CLANG_WARN_RANGE_LOOP_ANALYSIS = YES;
				CLANG_WARN_STRICT_PROTOTYPES = YES;
				CLANG_WARN_SUSPICIOUS_MOVE = YES;
				CLANG_WARN_UNGUARDED_AVAILABILITY = YES_AGGRESSIVE;
				CLANG_WARN_UNREACHABLE_CODE = YES;
				CLANG_WARN__DUPLICATE_METHOD_MATCH = YES;
				COPY_PHASE_STRIP = NO;
				DEBUG_INFORMATION_FORMAT = "dwarf-with-dsym";
				ENABLE_NS_ASSERTIONS = NO;
				ENABLE_STRICT_OBJC_MSGSEND = YES;
				GCC_C_LANGUAGE_STANDARD = gnu11;
				GCC_NO_COMMON_BLOCKS = YES;
				GCC_WARN_64_TO_32_BIT_CONVERSION = YES;
				GCC_WARN_ABOUT_RETURN_TYPE = YES_ERROR;
				GCC_WARN_UNDECLARED_SELECTOR = YES;
				GCC_WARN_UNINITIALIZED_AUTOS = YES_AGGRESSIVE;
				GCC_WARN_UNUSED_FUNCTION = YES;
				GCC_WARN_UNUSED_VARIABLE = YES;
				IPHONEOS_DEPLOYMENT_TARGET = 13.1;
				MTL_ENABLE_DEBUG_INFO = NO;
				MTL_FAST_MATH = YES;
				SDKROOT = iphoneos;
				SWIFT_COMPILATION_MODE = wholemodule;
				SWIFT_OPTIMIZATION_LEVEL = "-O";
				VALIDATE_PRODUCT = YES;
			};
			name = Release;
		};
		CB91642023ABB72B0022B16B /* Debug */ = {
			isa = XCBuildConfiguration;
			baseConfigurationReference = 0E305031906D6FC298424AF0 /* Pods-WastelessNYC.debug.xcconfig */;
			buildSettings = {
				ASSETCATALOG_COMPILER_APPICON_NAME = AppIcon;
				CODE_SIGN_STYLE = Automatic;
				INFOPLIST_FILE = WastelessNYC/Info.plist;
				LD_RUNPATH_SEARCH_PATHS = (
					"$(inherited)",
					"@executable_path/Frameworks",
				);
				PRODUCT_BUNDLE_IDENTIFIER = "The-Best-Programmer-Ever.WastelessNYC";
				PRODUCT_NAME = "$(TARGET_NAME)";
				SWIFT_VERSION = 5.0;
				TARGETED_DEVICE_FAMILY = "1,2";
			};
			name = Debug;
		};
		CB91642123ABB72B0022B16B /* Release */ = {
			isa = XCBuildConfiguration;
			baseConfigurationReference = 72D367A08B49CF88AC11A8A3 /* Pods-WastelessNYC.release.xcconfig */;
			buildSettings = {
				ASSETCATALOG_COMPILER_APPICON_NAME = AppIcon;
				CODE_SIGN_STYLE = Automatic;
				INFOPLIST_FILE = WastelessNYC/Info.plist;
				LD_RUNPATH_SEARCH_PATHS = (
					"$(inherited)",
					"@executable_path/Frameworks",
				);
				PRODUCT_BUNDLE_IDENTIFIER = "The-Best-Programmer-Ever.WastelessNYC";
				PRODUCT_NAME = "$(TARGET_NAME)";
				SWIFT_VERSION = 5.0;
				TARGETED_DEVICE_FAMILY = "1,2";
			};
			name = Release;
		};
		CB91642323ABB72B0022B16B /* Debug */ = {
			isa = XCBuildConfiguration;
			baseConfigurationReference = 54ACC8083C4CEC9D385ADEB6 /* Pods-WastelessNYCTests.debug.xcconfig */;
			buildSettings = {
				ALWAYS_EMBED_SWIFT_STANDARD_LIBRARIES = YES;
				BUNDLE_LOADER = "$(TEST_HOST)";
				CODE_SIGN_STYLE = Automatic;
				INFOPLIST_FILE = WastelessNYCTests/Info.plist;
				IPHONEOS_DEPLOYMENT_TARGET = 13.1;
				LD_RUNPATH_SEARCH_PATHS = (
					"$(inherited)",
					"@executable_path/Frameworks",
					"@loader_path/Frameworks",
				);
				PRODUCT_BUNDLE_IDENTIFIER = "The-Best-Programmer-Ever.WastelessNYCTests";
				PRODUCT_NAME = "$(TARGET_NAME)";
				SWIFT_VERSION = 5.0;
				TARGETED_DEVICE_FAMILY = "1,2";
				TEST_HOST = "$(BUILT_PRODUCTS_DIR)/WastelessNYC.app/WastelessNYC";
			};
			name = Debug;
		};
		CB91642423ABB72B0022B16B /* Release */ = {
			isa = XCBuildConfiguration;
			baseConfigurationReference = 525EE72E7C8BCF8033EDA09A /* Pods-WastelessNYCTests.release.xcconfig */;
			buildSettings = {
				ALWAYS_EMBED_SWIFT_STANDARD_LIBRARIES = YES;
				BUNDLE_LOADER = "$(TEST_HOST)";
				CODE_SIGN_STYLE = Automatic;
				INFOPLIST_FILE = WastelessNYCTests/Info.plist;
				IPHONEOS_DEPLOYMENT_TARGET = 13.1;
				LD_RUNPATH_SEARCH_PATHS = (
					"$(inherited)",
					"@executable_path/Frameworks",
					"@loader_path/Frameworks",
				);
				PRODUCT_BUNDLE_IDENTIFIER = "The-Best-Programmer-Ever.WastelessNYCTests";
				PRODUCT_NAME = "$(TARGET_NAME)";
				SWIFT_VERSION = 5.0;
				TARGETED_DEVICE_FAMILY = "1,2";
				TEST_HOST = "$(BUILT_PRODUCTS_DIR)/WastelessNYC.app/WastelessNYC";
			};
			name = Release;
		};
		CB91642623ABB72B0022B16B /* Debug */ = {
			isa = XCBuildConfiguration;
			baseConfigurationReference = F62EE36C16A6BDDA63D73343 /* Pods-WastelessNYC-WastelessNYCUITests.debug.xcconfig */;
			buildSettings = {
				ALWAYS_EMBED_SWIFT_STANDARD_LIBRARIES = YES;
				CODE_SIGN_STYLE = Automatic;
				INFOPLIST_FILE = WastelessNYCUITests/Info.plist;
				LD_RUNPATH_SEARCH_PATHS = (
					"$(inherited)",
					"@executable_path/Frameworks",
					"@loader_path/Frameworks",
				);
				PRODUCT_BUNDLE_IDENTIFIER = "The-Best-Programmer-Ever.WastelessNYCUITests";
				PRODUCT_NAME = "$(TARGET_NAME)";
				SWIFT_VERSION = 5.0;
				TARGETED_DEVICE_FAMILY = "1,2";
				TEST_TARGET_NAME = WastelessNYC;
			};
			name = Debug;
		};
		CB91642723ABB72B0022B16B /* Release */ = {
			isa = XCBuildConfiguration;
			baseConfigurationReference = 20D8D0E59D086502F9D96339 /* Pods-WastelessNYC-WastelessNYCUITests.release.xcconfig */;
			buildSettings = {
				ALWAYS_EMBED_SWIFT_STANDARD_LIBRARIES = YES;
				CODE_SIGN_STYLE = Automatic;
				INFOPLIST_FILE = WastelessNYCUITests/Info.plist;
				LD_RUNPATH_SEARCH_PATHS = (
					"$(inherited)",
					"@executable_path/Frameworks",
					"@loader_path/Frameworks",
				);
				PRODUCT_BUNDLE_IDENTIFIER = "The-Best-Programmer-Ever.WastelessNYCUITests";
				PRODUCT_NAME = "$(TARGET_NAME)";
				SWIFT_VERSION = 5.0;
				TARGETED_DEVICE_FAMILY = "1,2";
				TEST_TARGET_NAME = WastelessNYC;
			};
			name = Release;
		};
/* End XCBuildConfiguration section */

/* Begin XCConfigurationList section */
		CB9163ED23ABB7280022B16B /* Build configuration list for PBXProject "WastelessNYC" */ = {
			isa = XCConfigurationList;
			buildConfigurations = (
				CB91641D23ABB72B0022B16B /* Debug */,
				CB91641E23ABB72B0022B16B /* Release */,
			);
			defaultConfigurationIsVisible = 0;
			defaultConfigurationName = Release;
		};
		CB91641F23ABB72B0022B16B /* Build configuration list for PBXNativeTarget "WastelessNYC" */ = {
			isa = XCConfigurationList;
			buildConfigurations = (
				CB91642023ABB72B0022B16B /* Debug */,
				CB91642123ABB72B0022B16B /* Release */,
			);
			defaultConfigurationIsVisible = 0;
			defaultConfigurationName = Release;
		};
		CB91642223ABB72B0022B16B /* Build configuration list for PBXNativeTarget "WastelessNYCTests" */ = {
			isa = XCConfigurationList;
			buildConfigurations = (
				CB91642323ABB72B0022B16B /* Debug */,
				CB91642423ABB72B0022B16B /* Release */,
			);
			defaultConfigurationIsVisible = 0;
			defaultConfigurationName = Release;
		};
		CB91642523ABB72B0022B16B /* Build configuration list for PBXNativeTarget "WastelessNYCUITests" */ = {
			isa = XCConfigurationList;
			buildConfigurations = (
				CB91642623ABB72B0022B16B /* Debug */,
				CB91642723ABB72B0022B16B /* Release */,
			);
			defaultConfigurationIsVisible = 0;
			defaultConfigurationName = Release;
		};
/* End XCConfigurationList section */

/* Begin XCVersionGroup section */
		CB9163FE23ABB7280022B16B /* WastelessNYC.xcdatamodeld */ = {
			isa = XCVersionGroup;
			children = (
				CB9163FF23ABB7280022B16B /* WastelessNYC.xcdatamodel */,
			);
			currentVersion = CB9163FF23ABB7280022B16B /* WastelessNYC.xcdatamodel */;
			path = WastelessNYC.xcdatamodeld;
			sourceTree = "<group>";
			versionGroupType = wrapper.xcdatamodel;
		};
/* End XCVersionGroup section */
	};
	rootObject = CB9163EA23ABB7280022B16B /* Project object */;
}
